
Microsoft Visual Studio Solution File, Format Version 12.00
# Visual Studio 15
VisualStudioVersion = 15.0.27703.2035
MinimumVisualStudioVersion = 10.0.40219.1
Project("{FAE04EC0-301F-11D3-BF4B-00C04F79EFBC}") = "TP_WF_lab5", "TP_WF_lab5\TP_WF_lab5.csproj", "{7C501233-EBD0-48C7-9CB1-B9EBC1045682}"
EndProject
Project("{FAE04EC0-301F-11D3-BF4B-00C04F79EFBC}") = "UnitTestProject1", "UnitTestProject1\UnitTestProject1.csproj", "{73023A5B-D560-4471-84D7-74FF4AD3A7D8}"
EndProject
Project("{FAE04EC0-301F-11D3-BF4B-00C04F79EFBC}") = "Tests", "Tests\Tests.csproj", "{5B738F29-D625-419E-B7E2-E737845838A9}"
EndProject
Global
	GlobalSection(SolutionConfigurationPlatforms) = preSolution
		Debug|Any CPU = Debug|Any CPU
		Release|Any CPU = Release|Any CPU
	EndGlobalSection
	GlobalSection(ProjectConfigurationPlatforms) = postSolution
		{7C501233-EBD0-48C7-9CB1-B9EBC1045682}.Debug|Any CPU.ActiveCfg = Debug|Any CPU
		{7C501233-EBD0-48C7-9CB1-B9EBC1045682}.Debug|Any CPU.Build.0 = Debug|Any CPU
		{7C501233-EBD0-48C7-9CB1-B9EBC1045682}.Release|Any CPU.ActiveCfg = Release|Any CPU
		{7C501233-EBD0-48C7-9CB1-B9EBC1045682}.Release|Any CPU.Build.0 = Release|Any CPU
		{73023A5B-D560-4471-84D7-74FF4AD3A7D8}.Debug|Any CPU.ActiveCfg = Debug|Any CPU
		{73023A5B-D560-4471-84D7-74FF4AD3A7D8}.Debug|Any CPU.Build.0 = Debug|Any CPU
		{73023A5B-D560-4471-84D7-74FF4AD3A7D8}.Release|Any CPU.ActiveCfg = Release|Any CPU
		{73023A5B-D560-4471-84D7-74FF4AD3A7D8}.Release|Any CPU.Build.0 = Release|Any CPU
		{5B738F29-D625-419E-B7E2-E737845838A9}.Debug|Any CPU.ActiveCfg = Debug|Any CPU
		{5B738F29-D625-419E-B7E2-E737845838A9}.Debug|Any CPU.Build.0 = Debug|Any CPU
		{5B738F29-D625-419E-B7E2-E737845838A9}.Release|Any CPU.ActiveCfg = Release|Any CPU
		{5B738F29-D625-419E-B7E2-E737845838A9}.Release|Any CPU.Build.0 = Release|Any CPU
	EndGlobalSection
	GlobalSection(SolutionProperties) = preSolution
		HideSolutionNode = FALSE
	EndGlobalSection
	GlobalSection(ExtensibilityGlobals) = postSolution
		SolutionGuid = {07C74502-393B-43C6-84A0-0602D0150BDA}
	EndGlobalSection
EndGlobal
